{
  "nodes": {
    "nixpkgs": {
      "locked": {
        "lastModified": 1688109178,
        "narHash": "sha256-BSdeYp331G4b1yc7GIRgAnfUyaktW2nl7k0C577Tttk=",
        "owner": "NixOS",
        "repo": "nixpkgs",
        "rev": "b72aa95f7f096382bff3aea5f8fde645bca07422",
        "type": "github"
      },
      "original": {
        "owner": "NixOS",
        "ref": "nixos-23.05",
        "repo": "nixpkgs",
        "type": "github"
      }
    },
    "nixpkgs-mozilla": {
      "locked": {
        "lastModified": 1687771476,
        "narHash": "sha256-TSpqz6qYVRoqkEdOCawEQ4/cWt/4pracmvw17HK1tgE=",
        "owner": "mozilla",
        "repo": "nixpkgs-mozilla",
        "rev": "3a44b8783514e7d6db4b63df96071b6c2b014b07",
        "type": "github"
      },
      "original": {
        "owner": "mozilla",
        "ref": "master",
        "repo": "nixpkgs-mozilla",
        "type": "github"
      }
    },
    "root": {
      "inputs": {
        "nixpkgs": "nixpkgs",
        "nixpkgs-mozilla": "nixpkgs-mozilla"
      }
    }
  },
  "root": "root",
  "version": 7
}
